
Microsoft Visual Studio Solution File, Format Version 12.00
# Visual Studio Version 17
VisualStudioVersion = 17.13.35931.197 d17.13
MinimumVisualStudioVersion = 10.0.40219.1
Project("{FAE04EC0-301F-11D3-BF4B-00C04F79EFBC}") = "DersNotlariAPI", "DersNotlariAPI.csproj", "{D3B3B19B-ACA1-4707-ABB8-A0137D627CC0}"
EndProject
Global
	GlobalSection(SolutionConfigurationPlatforms) = preSolution
		Debug|Any CPU = Debug|Any CPU
		Release|Any CPU = Release|Any CPU
	EndGlobalSection
	GlobalSection(ProjectConfigurationPlatforms) = postSolution
		{D3B3B19B-ACA1-4707-ABB8-A0137D627CC0}.Debug|Any CPU.ActiveCfg = Debug|Any CPU
		{D3B3B19B-ACA1-4707-ABB8-A0137D627CC0}.Debug|Any CPU.Build.0 = Debug|Any CPU
		{D3B3B19B-ACA1-4707-ABB8-A0137D627CC0}.Release|Any CPU.ActiveCfg = Release|Any CPU
		{D3B3B19B-ACA1-4707-ABB8-A0137D627CC0}.Release|Any CPU.Build.0 = Release|Any CPU
	EndGlobalSection
	GlobalSection(SolutionProperties) = preSolution
		HideSolutionNode = FALSE
	EndGlobalSection
	GlobalSection(ExtensibilityGlobals) = postSolution
		SolutionGuid = {6A177B4D-B1B5-4CB3-87EE-40637238603F}
	EndGlobalSection
EndGlobal
